// !$*UTF8*$!
{
	archiveVersion = 1;
	classes = {
	};
	objectVersion = 51;
	objects = {

/* Begin PBXBuildFile section */
		11F14E9928F3AF9A791DC98A /* Pods_careMatePatientTests.framework in Frameworks */ = {isa = PBXBuildFile; fileRef = E36134E9AF621F41222CE6BA /* Pods_careMatePatientTests.framework */; };
		2555DDE0B2935BBA67F0DF9C /* Pods_careMatePatient_careMatePatientUITests.framework in Frameworks */ = {isa = PBXBuildFile; fileRef = 698E404E87813F7A834CB944 /* Pods_careMatePatient_careMatePatientUITests.framework */; };
		45AA73BDDFDA29868AA9FC8C /* Pods_careMatePatient.framework in Frameworks */ = {isa = PBXBuildFile; fileRef = EC75A3D3F866575FBFD5542E /* Pods_careMatePatient.framework */; };
		66171DF5245306F20076A961 /* AvailableDoctorSlots.swift in Sources */ = {isa = PBXBuildFile; fileRef = 66171DF4245306F20076A961 /* AvailableDoctorSlots.swift */; };
		66211E9A243B4832009A16CC /* listOfSearchDoctorsVC.swift in Sources */ = {isa = PBXBuildFile; fileRef = 66211E99243B4832009A16CC /* listOfSearchDoctorsVC.swift */; };
		66211E9C243B5292009A16CC /* searchDoctorsListCell.swift in Sources */ = {isa = PBXBuildFile; fileRef = 66211E9B243B5292009A16CC /* searchDoctorsListCell.swift */; };
		66211E9E243B90DC009A16CC /* confirmBookingFirstVC.swift in Sources */ = {isa = PBXBuildFile; fileRef = 66211E9D243B90DC009A16CC /* confirmBookingFirstVC.swift */; };
		6630066B244DBCC000C0868A /* doctorSpecialityModel.swift in Sources */ = {isa = PBXBuildFile; fileRef = 6630066A244DBCC000C0868A /* doctorSpecialityModel.swift */; };
		6637AF302455CD6B004420D6 /* ConfirmBookingThirdPopVC.swift in Sources */ = {isa = PBXBuildFile; fileRef = 6637AF2F2455CD6B004420D6 /* ConfirmBookingThirdPopVC.swift */; };
		663CCCEC243C80A80001EC92 /* ConfirmBookingFirstVcFirst.swift in Sources */ = {isa = PBXBuildFile; fileRef = 663CCCEB243C80A80001EC92 /* ConfirmBookingFirstVcFirst.swift */; };
		663CCCEE243C80C90001EC92 /* ConfirmBookingFirstVcseconde.swift in Sources */ = {isa = PBXBuildFile; fileRef = 663CCCED243C80C90001EC92 /* ConfirmBookingFirstVcseconde.swift */; };
		663CCCF0243C81000001EC92 /* ComfirmBookingFirstVCthird.swift in Sources */ = {isa = PBXBuildFile; fileRef = 663CCCEF243C81000001EC92 /* ComfirmBookingFirstVCthird.swift */; };
		663CCCF2243C91E10001EC92 /* doctorIfnoCell.swift in Sources */ = {isa = PBXBuildFile; fileRef = 663CCCF1243C91E10001EC92 /* doctorIfnoCell.swift */; };
		663CCCF4243CBB490001EC92 /* ConfirmBookingSecondVC.swift in Sources */ = {isa = PBXBuildFile; fileRef = 663CCCF3243CBB490001EC92 /* ConfirmBookingSecondVC.swift */; };
		6672C8962434925800DD9448 /* AppDelegate.swift in Sources */ = {isa = PBXBuildFile; fileRef = 6672C8952434925800DD9448 /* AppDelegate.swift */; };
		6672C8982434925800DD9448 /* ViewController.swift in Sources */ = {isa = PBXBuildFile; fileRef = 6672C8972434925800DD9448 /* ViewController.swift */; };
		6672C89B2434925800DD9448 /* Main.storyboard in Resources */ = {isa = PBXBuildFile; fileRef = 6672C8992434925800DD9448 /* Main.storyboard */; };
		6672C89D2434925900DD9448 /* Assets.xcassets in Resources */ = {isa = PBXBuildFile; fileRef = 6672C89C2434925900DD9448 /* Assets.xcassets */; };
		6672C8A02434925900DD9448 /* LaunchScreen.storyboard in Resources */ = {isa = PBXBuildFile; fileRef = 6672C89E2434925900DD9448 /* LaunchScreen.storyboard */; };
		6672C8AB2434925900DD9448 /* careMatePatientTests.swift in Sources */ = {isa = PBXBuildFile; fileRef = 6672C8AA2434925900DD9448 /* careMatePatientTests.swift */; };
		6672C8B62434925900DD9448 /* careMatePatientUITests.swift in Sources */ = {isa = PBXBuildFile; fileRef = 6672C8B52434925900DD9448 /* careMatePatientUITests.swift */; };
		6672C8C42434A43700DD9448 /* ViewController1.swift in Sources */ = {isa = PBXBuildFile; fileRef = 6672C8C32434A43700DD9448 /* ViewController1.swift */; };
		6672C8C62434A44400DD9448 /* ViewController2.swift in Sources */ = {isa = PBXBuildFile; fileRef = 6672C8C52434A44400DD9448 /* ViewController2.swift */; };
		6672C8C82434A45200DD9448 /* ViewController3.swift in Sources */ = {isa = PBXBuildFile; fileRef = 6672C8C72434A45200DD9448 /* ViewController3.swift */; };
		6672C8CA2434E6D800DD9448 /* ViewController4.swift in Sources */ = {isa = PBXBuildFile; fileRef = 6672C8C92434E6D800DD9448 /* ViewController4.swift */; };
		6672C8CD243503D200DD9448 /* extensions.swift in Sources */ = {isa = PBXBuildFile; fileRef = 6672C8CC243503D200DD9448 /* extensions.swift */; };
		667EF8BD2436A86600998DA0 /* complainsSearchDoctorVC.swift in Sources */ = {isa = PBXBuildFile; fileRef = 667EF8BC2436A86600998DA0 /* complainsSearchDoctorVC.swift */; };
		668C1F4624390B4400F92F29 /* selectedComplainsCell.swift in Sources */ = {isa = PBXBuildFile; fileRef = 668C1F4524390B4400F92F29 /* selectedComplainsCell.swift */; };
		66B1F414245052D900F9E845 /* DoctorsListModel.swift in Sources */ = {isa = PBXBuildFile; fileRef = 66B1F413245052D900F9E845 /* DoctorsListModel.swift */; };
		66B8AED6243A02F70079EF88 /* compliansCell.swift in Sources */ = {isa = PBXBuildFile; fileRef = 66B8AED5243A02F70079EF88 /* compliansCell.swift */; };
		66B8AED8243A07FB0079EF88 /* governmentListVC.swift in Sources */ = {isa = PBXBuildFile; fileRef = 66B8AED7243A07FB0079EF88 /* governmentListVC.swift */; };
		66B8AEDA243A12040079EF88 /* citiesOfGovernment.swift in Sources */ = {isa = PBXBuildFile; fileRef = 66B8AED9243A12040079EF88 /* citiesOfGovernment.swift */; };
		66B8AEDC243A27E50079EF88 /* doctorSpecialityVC.swift in Sources */ = {isa = PBXBuildFile; fileRef = 66B8AEDB243A27E50079EF88 /* doctorSpecialityVC.swift */; };
		66B8AEDE243A2C500079EF88 /* SpecialityListVC.swift in Sources */ = {isa = PBXBuildFile; fileRef = 66B8AEDD243A2C500079EF88 /* SpecialityListVC.swift */; };
		66B8AEE0243A2C660079EF88 /* DoctorListVC.swift in Sources */ = {isa = PBXBuildFile; fileRef = 66B8AEDF243A2C660079EF88 /* DoctorListVC.swift */; };
		66C454F8244B16B700863C55 /* Apis.swift in Sources */ = {isa = PBXBuildFile; fileRef = 66C454F7244B16B700863C55 /* Apis.swift */; };
		66C454FB244B20F300863C55 /* userDTO.swift in Sources */ = {isa = PBXBuildFile; fileRef = 66C454FA244B20F300863C55 /* userDTO.swift */; };
		66C454FE244B220300863C55 /* WebserviceMananger.swift in Sources */ = {isa = PBXBuildFile; fileRef = 66C454FD244B220300863C55 /* WebserviceMananger.swift */; };
		66C45501244B228600863C55 /* UserModel.swift in Sources */ = {isa = PBXBuildFile; fileRef = 66C45500244B228600863C55 /* UserModel.swift */; };
		66C45503244B22E800863C55 /* Constants.swift in Sources */ = {isa = PBXBuildFile; fileRef = 66C45502244B22E800863C55 /* Constants.swift */; };
		66C45505244B233500863C55 /* Languages.swift in Sources */ = {isa = PBXBuildFile; fileRef = 66C45504244B233500863C55 /* Languages.swift */; };
		66C45507244B24C800863C55 /* Reachability.swift in Sources */ = {isa = PBXBuildFile; fileRef = 66C45506244B24C800863C55 /* Reachability.swift */; };
		66C45509244B269000863C55 /* indicator.swift in Sources */ = {isa = PBXBuildFile; fileRef = 66C45508244B269000863C55 /* indicator.swift */; };
		66C4550B244B26F700863C55 /* DimUtility.swift in Sources */ = {isa = PBXBuildFile; fileRef = 66C4550A244B26F700863C55 /* DimUtility.swift */; };
		66C45510244B296100863C55 /* Login.swift in Sources */ = {isa = PBXBuildFile; fileRef = 66C4550F244B296100863C55 /* Login.swift */; };
		66C45512244B37BF00863C55 /* validation.swift in Sources */ = {isa = PBXBuildFile; fileRef = 66C45511244B37BF00863C55 /* validation.swift */; };
		66DD2DE0243E6840006C4A8B /* ConfirmBookingThirdVC.swift in Sources */ = {isa = PBXBuildFile; fileRef = 66DD2DDF243E6840006C4A8B /* ConfirmBookingThirdVC.swift */; };
		66E85691244CA27000B9B493 /* governmentsModel.swift in Sources */ = {isa = PBXBuildFile; fileRef = 66E85690244CA27000B9B493 /* governmentsModel.swift */; };
		66F1E907245471E90006F8A3 /* OtherPersonConfirmCell.swift in Sources */ = {isa = PBXBuildFile; fileRef = 66F1E906245471E90006F8A3 /* OtherPersonConfirmCell.swift */; };
		66F1E90924547E9D0006F8A3 /* otherPersonsModel.swift in Sources */ = {isa = PBXBuildFile; fileRef = 66F1E90824547E9D0006F8A3 /* otherPersonsModel.swift */; };
		66F30061244B89F600C855D7 /* UserDefaultsApi.swift in Sources */ = {isa = PBXBuildFile; fileRef = 66F30060244B89F600C855D7 /* UserDefaultsApi.swift */; };
		66F30063244B987600C855D7 /* firstViewController.swift in Sources */ = {isa = PBXBuildFile; fileRef = 66F30062244B987600C855D7 /* firstViewController.swift */; };
		66F30065244BA87700C855D7 /* Utilities.swift in Sources */ = {isa = PBXBuildFile; fileRef = 66F30064244BA87700C855D7 /* Utilities.swift */; };
		66F5FAFE244F00EE008DE86C /* HomeVC.swift in Sources */ = {isa = PBXBuildFile; fileRef = 66F5FAFD244F00EE008DE86C /* HomeVC.swift */; };
/* End PBXBuildFile section */

/* Begin PBXContainerItemProxy section */
		6672C8A72434925900DD9448 /* PBXContainerItemProxy */ = {
			isa = PBXContainerItemProxy;
			containerPortal = 6672C88A2434925800DD9448 /* Project object */;
			proxyType = 1;
			remoteGlobalIDString = 6672C8912434925800DD9448;
			remoteInfo = careMatePatient;
		};
		6672C8B22434925900DD9448 /* PBXContainerItemProxy */ = {
			isa = PBXContainerItemProxy;
			containerPortal = 6672C88A2434925800DD9448 /* Project object */;
			proxyType = 1;
			remoteGlobalIDString = 6672C8912434925800DD9448;
			remoteInfo = careMatePatient;
		};
/* End PBXContainerItemProxy section */

/* Begin PBXFileReference section */
		35D720518D9062319AEFBBB7 /* Pods-careMatePatient-careMatePatientUITests.debug.xcconfig */ = {isa = PBXFileReference; includeInIndex = 1; lastKnownFileType = text.xcconfig; name = "Pods-careMatePatient-careMatePatientUITests.debug.xcconfig"; path = "Target Support Files/Pods-careMatePatient-careMatePatientUITests/Pods-careMatePatient-careMatePatientUITests.debug.xcconfig"; sourceTree = "<group>"; };
		5C3E6FE5BB2D590D9A22D10C /* Pods-careMatePatientTests.debug.xcconfig */ = {isa = PBXFileReference; includeInIndex = 1; lastKnownFileType = text.xcconfig; name = "Pods-careMatePatientTests.debug.xcconfig"; path = "Target Support Files/Pods-careMatePatientTests/Pods-careMatePatientTests.debug.xcconfig"; sourceTree = "<group>"; };
		66171DF4245306F20076A961 /* AvailableDoctorSlots.swift */ = {isa = PBXFileReference; lastKnownFileType = sourcecode.swift; path = AvailableDoctorSlots.swift; sourceTree = "<group>"; };
		66211E99243B4832009A16CC /* listOfSearchDoctorsVC.swift */ = {isa = PBXFileReference; lastKnownFileType = sourcecode.swift; path = listOfSearchDoctorsVC.swift; sourceTree = "<group>"; };
		66211E9B243B5292009A16CC /* searchDoctorsListCell.swift */ = {isa = PBXFileReference; lastKnownFileType = sourcecode.swift; path = searchDoctorsListCell.swift; sourceTree = "<group>"; };
		66211E9D243B90DC009A16CC /* confirmBookingFirstVC.swift */ = {isa = PBXFileReference; lastKnownFileType = sourcecode.swift; path = confirmBookingFirstVC.swift; sourceTree = "<group>"; };
		6630066A244DBCC000C0868A /* doctorSpecialityModel.swift */ = {isa = PBXFileReference; lastKnownFileType = sourcecode.swift; path = doctorSpecialityModel.swift; sourceTree = "<group>"; };
		6637AF2F2455CD6B004420D6 /* ConfirmBookingThirdPopVC.swift */ = {isa = PBXFileReference; lastKnownFileType = sourcecode.swift; path = ConfirmBookingThirdPopVC.swift; sourceTree = "<group>"; };
		663CCCEB243C80A80001EC92 /* ConfirmBookingFirstVcFirst.swift */ = {isa = PBXFileReference; lastKnownFileType = sourcecode.swift; path = ConfirmBookingFirstVcFirst.swift; sourceTree = "<group>"; };
		663CCCED243C80C90001EC92 /* ConfirmBookingFirstVcseconde.swift */ = {isa = PBXFileReference; lastKnownFileType = sourcecode.swift; path = ConfirmBookingFirstVcseconde.swift; sourceTree = "<group>"; };
		663CCCEF243C81000001EC92 /* ComfirmBookingFirstVCthird.swift */ = {isa = PBXFileReference; lastKnownFileType = sourcecode.swift; path = ComfirmBookingFirstVCthird.swift; sourceTree = "<group>"; };
		663CCCF1243C91E10001EC92 /* doctorIfnoCell.swift */ = {isa = PBXFileReference; lastKnownFileType = sourcecode.swift; path = doctorIfnoCell.swift; sourceTree = "<group>"; };
		663CCCF3243CBB490001EC92 /* ConfirmBookingSecondVC.swift */ = {isa = PBXFileReference; lastKnownFileType = sourcecode.swift; path = ConfirmBookingSecondVC.swift; sourceTree = "<group>"; };
		6672C8922434925800DD9448 /* careMatePatient.app */ = {isa = PBXFileReference; explicitFileType = wrapper.application; includeInIndex = 0; path = careMatePatient.app; sourceTree = BUILT_PRODUCTS_DIR; };
		6672C8952434925800DD9448 /* AppDelegate.swift */ = {isa = PBXFileReference; lastKnownFileType = sourcecode.swift; path = AppDelegate.swift; sourceTree = "<group>"; };
		6672C8972434925800DD9448 /* ViewController.swift */ = {isa = PBXFileReference; lastKnownFileType = sourcecode.swift; path = ViewController.swift; sourceTree = "<group>"; };
		6672C89A2434925800DD9448 /* Base */ = {isa = PBXFileReference; lastKnownFileType = file.storyboard; name = Base; path = Base.lproj/Main.storyboard; sourceTree = "<group>"; };
		6672C89C2434925900DD9448 /* Assets.xcassets */ = {isa = PBXFileReference; lastKnownFileType = folder.assetcatalog; path = Assets.xcassets; sourceTree = "<group>"; };
		6672C89F2434925900DD9448 /* Base */ = {isa = PBXFileReference; lastKnownFileType = file.storyboard; name = Base; path = Base.lproj/LaunchScreen.storyboard; sourceTree = "<group>"; };
		6672C8A12434925900DD9448 /* Info.plist */ = {isa = PBXFileReference; lastKnownFileType = text.plist.xml; path = Info.plist; sourceTree = "<group>"; };
		6672C8A62434925900DD9448 /* careMatePatientTests.xctest */ = {isa = PBXFileReference; explicitFileType = wrapper.cfbundle; includeInIndex = 0; path = careMatePatientTests.xctest; sourceTree = BUILT_PRODUCTS_DIR; };
		6672C8AA2434925900DD9448 /* careMatePatientTests.swift */ = {isa = PBXFileReference; lastKnownFileType = sourcecode.swift; path = careMatePatientTests.swift; sourceTree = "<group>"; };
		6672C8AC2434925900DD9448 /* Info.plist */ = {isa = PBXFileReference; lastKnownFileType = text.plist.xml; path = Info.plist; sourceTree = "<group>"; };
		6672C8B12434925900DD9448 /* careMatePatientUITests.xctest */ = {isa = PBXFileReference; explicitFileType = wrapper.cfbundle; includeInIndex = 0; path = careMatePatientUITests.xctest; sourceTree = BUILT_PRODUCTS_DIR; };
		6672C8B52434925900DD9448 /* careMatePatientUITests.swift */ = {isa = PBXFileReference; lastKnownFileType = sourcecode.swift; path = careMatePatientUITests.swift; sourceTree = "<group>"; };
		6672C8B72434925900DD9448 /* Info.plist */ = {isa = PBXFileReference; lastKnownFileType = text.plist.xml; path = Info.plist; sourceTree = "<group>"; };
		6672C8C32434A43700DD9448 /* ViewController1.swift */ = {isa = PBXFileReference; lastKnownFileType = sourcecode.swift; path = ViewController1.swift; sourceTree = "<group>"; };
		6672C8C52434A44400DD9448 /* ViewController2.swift */ = {isa = PBXFileReference; lastKnownFileType = sourcecode.swift; path = ViewController2.swift; sourceTree = "<group>"; };
		6672C8C72434A45200DD9448 /* ViewController3.swift */ = {isa = PBXFileReference; lastKnownFileType = sourcecode.swift; path = ViewController3.swift; sourceTree = "<group>"; };
		6672C8C92434E6D800DD9448 /* ViewController4.swift */ = {isa = PBXFileReference; lastKnownFileType = sourcecode.swift; path = ViewController4.swift; sourceTree = "<group>"; };
		6672C8CC243503D200DD9448 /* extensions.swift */ = {isa = PBXFileReference; lastKnownFileType = sourcecode.swift; path = extensions.swift; sourceTree = "<group>"; };
		667EF8BC2436A86600998DA0 /* complainsSearchDoctorVC.swift */ = {isa = PBXFileReference; lastKnownFileType = sourcecode.swift; path = complainsSearchDoctorVC.swift; sourceTree = "<group>"; };
		668C1F402438B03900F92F29 /* ar */ = {isa = PBXFileReference; lastKnownFileType = text.plist.strings; name = ar; path = ar.lproj/Main.strings; sourceTree = "<group>"; };
		668C1F412438B03900F92F29 /* ar */ = {isa = PBXFileReference; lastKnownFileType = text.plist.strings; name = ar; path = ar.lproj/LaunchScreen.strings; sourceTree = "<group>"; };
		668C1F4524390B4400F92F29 /* selectedComplainsCell.swift */ = {isa = PBXFileReference; lastKnownFileType = sourcecode.swift; path = selectedComplainsCell.swift; sourceTree = "<group>"; };
		66B1F413245052D900F9E845 /* DoctorsListModel.swift */ = {isa = PBXFileReference; lastKnownFileType = sourcecode.swift; path = DoctorsListModel.swift; sourceTree = "<group>"; };
		66B8AED5243A02F70079EF88 /* compliansCell.swift */ = {isa = PBXFileReference; lastKnownFileType = sourcecode.swift; path = compliansCell.swift; sourceTree = "<group>"; };
		66B8AED7243A07FB0079EF88 /* governmentListVC.swift */ = {isa = PBXFileReference; lastKnownFileType = sourcecode.swift; path = governmentListVC.swift; sourceTree = "<group>"; };
		66B8AED9243A12040079EF88 /* citiesOfGovernment.swift */ = {isa = PBXFileReference; lastKnownFileType = sourcecode.swift; path = citiesOfGovernment.swift; sourceTree = "<group>"; };
		66B8AEDB243A27E50079EF88 /* doctorSpecialityVC.swift */ = {isa = PBXFileReference; lastKnownFileType = sourcecode.swift; path = doctorSpecialityVC.swift; sourceTree = "<group>"; };
		66B8AEDD243A2C500079EF88 /* SpecialityListVC.swift */ = {isa = PBXFileReference; lastKnownFileType = sourcecode.swift; path = SpecialityListVC.swift; sourceTree = "<group>"; };
		66B8AEDF243A2C660079EF88 /* DoctorListVC.swift */ = {isa = PBXFileReference; lastKnownFileType = sourcecode.swift; path = DoctorListVC.swift; sourceTree = "<group>"; };
		66C454F7244B16B700863C55 /* Apis.swift */ = {isa = PBXFileReference; lastKnownFileType = sourcecode.swift; path = Apis.swift; sourceTree = "<group>"; };
		66C454FA244B20F300863C55 /* userDTO.swift */ = {isa = PBXFileReference; lastKnownFileType = sourcecode.swift; path = userDTO.swift; sourceTree = "<group>"; };
		66C454FD244B220300863C55 /* WebserviceMananger.swift */ = {isa = PBXFileReference; lastKnownFileType = sourcecode.swift; path = WebserviceMananger.swift; sourceTree = "<group>"; };
		66C45500244B228600863C55 /* UserModel.swift */ = {isa = PBXFileReference; lastKnownFileType = sourcecode.swift; path = UserModel.swift; sourceTree = "<group>"; };
		66C45502244B22E800863C55 /* Constants.swift */ = {isa = PBXFileReference; lastKnownFileType = sourcecode.swift; path = Constants.swift; sourceTree = "<group>"; };
		66C45504244B233500863C55 /* Languages.swift */ = {isa = PBXFileReference; lastKnownFileType = sourcecode.swift; path = Languages.swift; sourceTree = "<group>"; };
		66C45506244B24C800863C55 /* Reachability.swift */ = {isa = PBXFileReference; lastKnownFileType = sourcecode.swift; path = Reachability.swift; sourceTree = "<group>"; };
		66C45508244B269000863C55 /* indicator.swift */ = {isa = PBXFileReference; lastKnownFileType = sourcecode.swift; path = indicator.swift; sourceTree = "<group>"; };
		66C4550A244B26F700863C55 /* DimUtility.swift */ = {isa = PBXFileReference; lastKnownFileType = sourcecode.swift; path = DimUtility.swift; sourceTree = "<group>"; };
		66C4550F244B296100863C55 /* Login.swift */ = {isa = PBXFileReference; lastKnownFileType = sourcecode.swift; path = Login.swift; sourceTree = "<group>"; };
		66C45511244B37BF00863C55 /* validation.swift */ = {isa = PBXFileReference; lastKnownFileType = sourcecode.swift; path = validation.swift; sourceTree = "<group>"; };
		66DD2DDF243E6840006C4A8B /* ConfirmBookingThirdVC.swift */ = {isa = PBXFileReference; lastKnownFileType = sourcecode.swift; path = ConfirmBookingThirdVC.swift; sourceTree = "<group>"; };
		66E85690244CA27000B9B493 /* governmentsModel.swift */ = {isa = PBXFileReference; lastKnownFileType = sourcecode.swift; path = governmentsModel.swift; sourceTree = "<group>"; };
		66F1E906245471E90006F8A3 /* OtherPersonConfirmCell.swift */ = {isa = PBXFileReference; lastKnownFileType = sourcecode.swift; path = OtherPersonConfirmCell.swift; sourceTree = "<group>"; };
		66F1E90824547E9D0006F8A3 /* otherPersonsModel.swift */ = {isa = PBXFileReference; lastKnownFileType = sourcecode.swift; path = otherPersonsModel.swift; sourceTree = "<group>"; };
		66F30060244B89F600C855D7 /* UserDefaultsApi.swift */ = {isa = PBXFileReference; lastKnownFileType = sourcecode.swift; path = UserDefaultsApi.swift; sourceTree = "<group>"; };
		66F30062244B987600C855D7 /* firstViewController.swift */ = {isa = PBXFileReference; lastKnownFileType = sourcecode.swift; path = firstViewController.swift; sourceTree = "<group>"; };
		66F30064244BA87700C855D7 /* Utilities.swift */ = {isa = PBXFileReference; lastKnownFileType = sourcecode.swift; path = Utilities.swift; sourceTree = "<group>"; };
		66F5FAFD244F00EE008DE86C /* HomeVC.swift */ = {isa = PBXFileReference; lastKnownFileType = sourcecode.swift; path = HomeVC.swift; sourceTree = "<group>"; };
		698E404E87813F7A834CB944 /* Pods_careMatePatient_careMatePatientUITests.framework */ = {isa = PBXFileReference; explicitFileType = wrapper.framework; includeInIndex = 0; path = Pods_careMatePatient_careMatePatientUITests.framework; sourceTree = BUILT_PRODUCTS_DIR; };
		77EF007DDF1000F023F91F1B /* Pods-careMatePatient-careMatePatientUITests.release.xcconfig */ = {isa = PBXFileReference; includeInIndex = 1; lastKnownFileType = text.xcconfig; name = "Pods-careMatePatient-careMatePatientUITests.release.xcconfig"; path = "Target Support Files/Pods-careMatePatient-careMatePatientUITests/Pods-careMatePatient-careMatePatientUITests.release.xcconfig"; sourceTree = "<group>"; };
		983EF898D19FCE20719DEA6D /* Pods-careMatePatient.debug.xcconfig */ = {isa = PBXFileReference; includeInIndex = 1; lastKnownFileType = text.xcconfig; name = "Pods-careMatePatient.debug.xcconfig"; path = "Target Support Files/Pods-careMatePatient/Pods-careMatePatient.debug.xcconfig"; sourceTree = "<group>"; };
		C7D65CA215420F7764A22685 /* Pods-careMatePatient.release.xcconfig */ = {isa = PBXFileReference; includeInIndex = 1; lastKnownFileType = text.xcconfig; name = "Pods-careMatePatient.release.xcconfig"; path = "Target Support Files/Pods-careMatePatient/Pods-careMatePatient.release.xcconfig"; sourceTree = "<group>"; };
		E36134E9AF621F41222CE6BA /* Pods_careMatePatientTests.framework */ = {isa = PBXFileReference; explicitFileType = wrapper.framework; includeInIndex = 0; path = Pods_careMatePatientTests.framework; sourceTree = BUILT_PRODUCTS_DIR; };
		EC75A3D3F866575FBFD5542E /* Pods_careMatePatient.framework */ = {isa = PBXFileReference; explicitFileType = wrapper.framework; includeInIndex = 0; path = Pods_careMatePatient.framework; sourceTree = BUILT_PRODUCTS_DIR; };
		EF7372C0A8EE1A65393ED595 /* Pods-careMatePatientTests.release.xcconfig */ = {isa = PBXFileReference; includeInIndex = 1; lastKnownFileType = text.xcconfig; name = "Pods-careMatePatientTests.release.xcconfig"; path = "Target Support Files/Pods-careMatePatientTests/Pods-careMatePatientTests.release.xcconfig"; sourceTree = "<group>"; };
/* End PBXFileReference section */

/* Begin PBXFrameworksBuildPhase section */
		6672C88F2434925800DD9448 /* Frameworks */ = {
			isa = PBXFrameworksBuildPhase;
			buildActionMask = 2147483647;
			files = (
				45AA73BDDFDA29868AA9FC8C /* Pods_careMatePatient.framework in Frameworks */,
			);
			runOnlyForDeploymentPostprocessing = 0;
		};
		6672C8A32434925900DD9448 /* Frameworks */ = {
			isa = PBXFrameworksBuildPhase;
			buildActionMask = 2147483647;
			files = (
				11F14E9928F3AF9A791DC98A /* Pods_careMatePatientTests.framework in Frameworks */,
			);
			runOnlyForDeploymentPostprocessing = 0;
		};
		6672C8AE2434925900DD9448 /* Frameworks */ = {
			isa = PBXFrameworksBuildPhase;
			buildActionMask = 2147483647;
			files = (
				2555DDE0B2935BBA67F0DF9C /* Pods_careMatePatient_careMatePatientUITests.framework in Frameworks */,
			);
			runOnlyForDeploymentPostprocessing = 0;
		};
/* End PBXFrameworksBuildPhase section */

/* Begin PBXGroup section */
		663CCCEA243C80650001EC92 /* confirmBookingFirstVCControllers */ = {
			isa = PBXGroup;
			children = (
				663CCCEB243C80A80001EC92 /* ConfirmBookingFirstVcFirst.swift */,
				663CCCED243C80C90001EC92 /* ConfirmBookingFirstVcseconde.swift */,
				663CCCEF243C81000001EC92 /* ComfirmBookingFirstVCthird.swift */,
			);
			path = confirmBookingFirstVCControllers;
			sourceTree = "<group>";
		};
		6672C8892434925800DD9448 = {
			isa = PBXGroup;
			children = (
				6672C8942434925800DD9448 /* careMatePatient */,
				6672C8A92434925900DD9448 /* careMatePatientTests */,
				6672C8B42434925900DD9448 /* careMatePatientUITests */,
				6672C8932434925800DD9448 /* Products */,
				CA0515802C737D50ECD2DE68 /* Pods */,
				B3EC101BD93D79503323DB37 /* Frameworks */,
			);
			sourceTree = "<group>";
		};
		6672C8932434925800DD9448 /* Products */ = {
			isa = PBXGroup;
			children = (
				6672C8922434925800DD9448 /* careMatePatient.app */,
				6672C8A62434925900DD9448 /* careMatePatientTests.xctest */,
				6672C8B12434925900DD9448 /* careMatePatientUITests.xctest */,
			);
			name = Products;
			sourceTree = "<group>";
		};
		6672C8942434925800DD9448 /* careMatePatient */ = {
			isa = PBXGroup;
			children = (
				66C454FC244B21E900863C55 /* Helpers */,
				66C454F9244B20DB00863C55 /* Models */,
				66C454F6244B169F00863C55 /* SupportFiles */,
				668C1F4224390AF700F92F29 /* View */,
				667EF8BA2436A83100998DA0 /* Controllers */,
				6672C8952434925800DD9448 /* AppDelegate.swift */,
				6672C8972434925800DD9448 /* ViewController.swift */,
				6672C8992434925800DD9448 /* Main.storyboard */,
				6672C89C2434925900DD9448 /* Assets.xcassets */,
				6672C89E2434925900DD9448 /* LaunchScreen.storyboard */,
				6672C8A12434925900DD9448 /* Info.plist */,
				6672C8C52434A44400DD9448 /* ViewController2.swift */,
				6672C8C72434A45200DD9448 /* ViewController3.swift */,
				6672C8C92434E6D800DD9448 /* ViewController4.swift */,
				66F5FAFD244F00EE008DE86C /* HomeVC.swift */,
			);
			path = careMatePatient;
			sourceTree = "<group>";
		};
		6672C8A92434925900DD9448 /* careMatePatientTests */ = {
			isa = PBXGroup;
			children = (
				6672C8AA2434925900DD9448 /* careMatePatientTests.swift */,
				6672C8AC2434925900DD9448 /* Info.plist */,
			);
			path = careMatePatientTests;
			sourceTree = "<group>";
		};
		6672C8B42434925900DD9448 /* careMatePatientUITests */ = {
			isa = PBXGroup;
			children = (
				6672C8B52434925900DD9448 /* careMatePatientUITests.swift */,
				6672C8B72434925900DD9448 /* Info.plist */,
			);
			path = careMatePatientUITests;
			sourceTree = "<group>";
		};
		6672C8CB243503BA00DD9448 /* Utilities */ = {
			isa = PBXGroup;
			children = (
				6672C8CC243503D200DD9448 /* extensions.swift */,
				66C45502244B22E800863C55 /* Constants.swift */,
				66C45504244B233500863C55 /* Languages.swift */,
				66C45508244B269000863C55 /* indicator.swift */,
				66C4550A244B26F700863C55 /* DimUtility.swift */,
				66C45511244B37BF00863C55 /* validation.swift */,
				66F30064244BA87700C855D7 /* Utilities.swift */,
			);
			path = Utilities;
			sourceTree = "<group>";
		};
		667EF8BA2436A83100998DA0 /* Controllers */ = {
			isa = PBXGroup;
			children = (
				66C4550C244B292A00863C55 /* AuthenticationControllers */,
				667EF8BB2436A83E00998DA0 /* searchForDoctorControllers */,
			);
			path = Controllers;
			sourceTree = "<group>";
		};
		667EF8BB2436A83E00998DA0 /* searchForDoctorControllers */ = {
			isa = PBXGroup;
			children = (
				6672C8C32434A43700DD9448 /* ViewController1.swift */,
				667EF8BC2436A86600998DA0 /* complainsSearchDoctorVC.swift */,
				66B8AED7243A07FB0079EF88 /* governmentListVC.swift */,
				66B8AED9243A12040079EF88 /* citiesOfGovernment.swift */,
				66B8AEDB243A27E50079EF88 /* doctorSpecialityVC.swift */,
				66B8AEDD243A2C500079EF88 /* SpecialityListVC.swift */,
				66B8AEDF243A2C660079EF88 /* DoctorListVC.swift */,
				66211E99243B4832009A16CC /* listOfSearchDoctorsVC.swift */,
				66211E9D243B90DC009A16CC /* confirmBookingFirstVC.swift */,
				663CCCF3243CBB490001EC92 /* ConfirmBookingSecondVC.swift */,
				663CCCEA243C80650001EC92 /* confirmBookingFirstVCControllers */,
				66DD2DDF243E6840006C4A8B /* ConfirmBookingThirdVC.swift */,
				6637AF2F2455CD6B004420D6 /* ConfirmBookingThirdPopVC.swift */,
			);
			path = searchForDoctorControllers;
			sourceTree = "<group>";
		};
		668C1F4224390AF700F92F29 /* View */ = {
			isa = PBXGroup;
			children = (
				668C1F4324390B0500F92F29 /* Cell */,
			);
			path = View;
			sourceTree = "<group>";
		};
		668C1F4324390B0500F92F29 /* Cell */ = {
			isa = PBXGroup;
			children = (
				668C1F4424390B0C00F92F29 /* searchForDoctorCells */,
			);
			path = Cell;
			sourceTree = "<group>";
		};
		668C1F4424390B0C00F92F29 /* searchForDoctorCells */ = {
			isa = PBXGroup;
			children = (
				668C1F4524390B4400F92F29 /* selectedComplainsCell.swift */,
				66B8AED5243A02F70079EF88 /* compliansCell.swift */,
				66211E9B243B5292009A16CC /* searchDoctorsListCell.swift */,
				663CCCF1243C91E10001EC92 /* doctorIfnoCell.swift */,
				66F1E906245471E90006F8A3 /* OtherPersonConfirmCell.swift */,
			);
			path = searchForDoctorCells;
			sourceTree = "<group>";
		};
		66C454F6244B169F00863C55 /* SupportFiles */ = {
			isa = PBXGroup;
			children = (
				66C454F7244B16B700863C55 /* Apis.swift */,
			);
			path = SupportFiles;
			sourceTree = "<group>";
		};
		66C454F9244B20DB00863C55 /* Models */ = {
			isa = PBXGroup;
			children = (
				66C454FA244B20F300863C55 /* userDTO.swift */,
				66E85690244CA27000B9B493 /* governmentsModel.swift */,
				6630066A244DBCC000C0868A /* doctorSpecialityModel.swift */,
				66B1F413245052D900F9E845 /* DoctorsListModel.swift */,
				66171DF4245306F20076A961 /* AvailableDoctorSlots.swift */,
				66F1E90824547E9D0006F8A3 /* otherPersonsModel.swift */,
			);
			path = Models;
			sourceTree = "<group>";
		};
		66C454FC244B21E900863C55 /* Helpers */ = {
			isa = PBXGroup;
			children = (
				6672C8CB243503BA00DD9448 /* Utilities */,
				66C454FF244B226000863C55 /* Networking */,
			);
			path = Helpers;
			sourceTree = "<group>";
		};
		66C454FF244B226000863C55 /* Networking */ = {
			isa = PBXGroup;
			children = (
				66C454FD244B220300863C55 /* WebserviceMananger.swift */,
				66C45500244B228600863C55 /* UserModel.swift */,
				66C45506244B24C800863C55 /* Reachability.swift */,
				66F30060244B89F600C855D7 /* UserDefaultsApi.swift */,
			);
			path = Networking;
			sourceTree = "<group>";
		};
		66C4550C244B292A00863C55 /* AuthenticationControllers */ = {
			isa = PBXGroup;
			children = (
				66C4550F244B296100863C55 /* Login.swift */,
				66F30062244B987600C855D7 /* firstViewController.swift */,
			);
			path = AuthenticationControllers;
			sourceTree = "<group>";
		};
		B3EC101BD93D79503323DB37 /* Frameworks */ = {
			isa = PBXGroup;
			children = (
				EC75A3D3F866575FBFD5542E /* Pods_careMatePatient.framework */,
				698E404E87813F7A834CB944 /* Pods_careMatePatient_careMatePatientUITests.framework */,
				E36134E9AF621F41222CE6BA /* Pods_careMatePatientTests.framework */,
			);
			name = Frameworks;
			sourceTree = "<group>";
		};
		CA0515802C737D50ECD2DE68 /* Pods */ = {
			isa = PBXGroup;
			children = (
				983EF898D19FCE20719DEA6D /* Pods-careMatePatient.debug.xcconfig */,
				C7D65CA215420F7764A22685 /* Pods-careMatePatient.release.xcconfig */,
				35D720518D9062319AEFBBB7 /* Pods-careMatePatient-careMatePatientUITests.debug.xcconfig */,
				77EF007DDF1000F023F91F1B /* Pods-careMatePatient-careMatePatientUITests.release.xcconfig */,
				5C3E6FE5BB2D590D9A22D10C /* Pods-careMatePatientTests.debug.xcconfig */,
				EF7372C0A8EE1A65393ED595 /* Pods-careMatePatientTests.release.xcconfig */,
			);
			path = Pods;
			sourceTree = "<group>";
		};
/* End PBXGroup section */

/* Begin PBXNativeTarget section */
		6672C8912434925800DD9448 /* careMatePatient */ = {
			isa = PBXNativeTarget;
			buildConfigurationList = 6672C8BA2434925900DD9448 /* Build configuration list for PBXNativeTarget "careMatePatient" */;
			buildPhases = (
				705B1E71444CA8B5CFA914A7 /* [CP] Check Pods Manifest.lock */,
				6672C88E2434925800DD9448 /* Sources */,
				6672C88F2434925800DD9448 /* Frameworks */,
				6672C8902434925800DD9448 /* Resources */,
				32D9CB7305E8F3300FEEA879 /* [CP] Embed Pods Frameworks */,
			);
			buildRules = (
			);
			dependencies = (
			);
			name = careMatePatient;
			productName = careMatePatient;
			productReference = 6672C8922434925800DD9448 /* careMatePatient.app */;
			productType = "com.apple.product-type.application";
		};
		6672C8A52434925900DD9448 /* careMatePatientTests */ = {
			isa = PBXNativeTarget;
			buildConfigurationList = 6672C8BD2434925900DD9448 /* Build configuration list for PBXNativeTarget "careMatePatientTests" */;
			buildPhases = (
				ECC560A2C1EE2554530AB691 /* [CP] Check Pods Manifest.lock */,
				6672C8A22434925900DD9448 /* Sources */,
				6672C8A32434925900DD9448 /* Frameworks */,
				6672C8A42434925900DD9448 /* Resources */,
			);
			buildRules = (
			);
			dependencies = (
				6672C8A82434925900DD9448 /* PBXTargetDependency */,
			);
			name = careMatePatientTests;
			productName = careMatePatientTests;
			productReference = 6672C8A62434925900DD9448 /* careMatePatientTests.xctest */;
			productType = "com.apple.product-type.bundle.unit-test";
		};
		6672C8B02434925900DD9448 /* careMatePatientUITests */ = {
			isa = PBXNativeTarget;
			buildConfigurationList = 6672C8C02434925900DD9448 /* Build configuration list for PBXNativeTarget "careMatePatientUITests" */;
			buildPhases = (
				D2DEA5AD5135B05585D09CAE /* [CP] Check Pods Manifest.lock */,
				6672C8AD2434925900DD9448 /* Sources */,
				6672C8AE2434925900DD9448 /* Frameworks */,
				6672C8AF2434925900DD9448 /* Resources */,
				5368300BD60CAD41D6F9DC58 /* [CP] Embed Pods Frameworks */,
			);
			buildRules = (
			);
			dependencies = (
				6672C8B32434925900DD9448 /* PBXTargetDependency */,
			);
			name = careMatePatientUITests;
			productName = careMatePatientUITests;
			productReference = 6672C8B12434925900DD9448 /* careMatePatientUITests.xctest */;
			productType = "com.apple.product-type.bundle.ui-testing";
		};
/* End PBXNativeTarget section */

/* Begin PBXProject section */
		6672C88A2434925800DD9448 /* Project object */ = {
			isa = PBXProject;
			attributes = {
				LastSwiftUpdateCheck = 1010;
				LastUpgradeCheck = 1010;
				ORGANIZATIONNAME = khabeer;
				TargetAttributes = {
					6672C8912434925800DD9448 = {
						CreatedOnToolsVersion = 10.1;
					};
					6672C8A52434925900DD9448 = {
						CreatedOnToolsVersion = 10.1;
						TestTargetID = 6672C8912434925800DD9448;
					};
					6672C8B02434925900DD9448 = {
						CreatedOnToolsVersion = 10.1;
						TestTargetID = 6672C8912434925800DD9448;
					};
				};
			};
			buildConfigurationList = 6672C88D2434925800DD9448 /* Build configuration list for PBXProject "careMatePatient" */;
			compatibilityVersion = "Xcode 9.3";
			developmentRegion = en;
			hasScannedForEncodings = 0;
			knownRegions = (
				en,
				Base,
				ar,
			);
			mainGroup = 6672C8892434925800DD9448;
			productRefGroup = 6672C8932434925800DD9448 /* Products */;
			projectDirPath = "";
			projectRoot = "";
			targets = (
				6672C8912434925800DD9448 /* careMatePatient */,
				6672C8A52434925900DD9448 /* careMatePatientTests */,
				6672C8B02434925900DD9448 /* careMatePatientUITests */,
			);
		};
/* End PBXProject section */

/* Begin PBXResourcesBuildPhase section */
		6672C8902434925800DD9448 /* Resources */ = {
			isa = PBXResourcesBuildPhase;
			buildActionMask = 2147483647;
			files = (
				6672C8A02434925900DD9448 /* LaunchScreen.storyboard in Resources */,
				6672C89D2434925900DD9448 /* Assets.xcassets in Resources */,
				6672C89B2434925800DD9448 /* Main.storyboard in Resources */,
			);
			runOnlyForDeploymentPostprocessing = 0;
		};
		6672C8A42434925900DD9448 /* Resources */ = {
			isa = PBXResourcesBuildPhase;
			buildActionMask = 2147483647;
			files = (
			);
			runOnlyForDeploymentPostprocessing = 0;
		};
		6672C8AF2434925900DD9448 /* Resources */ = {
			isa = PBXResourcesBuildPhase;
			buildActionMask = 2147483647;
			files = (
			);
			runOnlyForDeploymentPostprocessing = 0;
		};
/* End PBXResourcesBuildPhase section */

/* Begin PBXShellScriptBuildPhase section */
		32D9CB7305E8F3300FEEA879 /* [CP] Embed Pods Frameworks */ = {
			isa = PBXShellScriptBuildPhase;
			buildActionMask = 2147483647;
			files = (
			);
			inputFileListPaths = (
				"${PODS_ROOT}/Target Support Files/Pods-careMatePatient/Pods-careMatePatient-frameworks-${CONFIGURATION}-input-files.xcfilelist",
			);
			name = "[CP] Embed Pods Frameworks";
			outputFileListPaths = (
				"${PODS_ROOT}/Target Support Files/Pods-careMatePatient/Pods-careMatePatient-frameworks-${CONFIGURATION}-output-files.xcfilelist",
			);
			runOnlyForDeploymentPostprocessing = 0;
			shellPath = /bin/sh;
			shellScript = "\"${PODS_ROOT}/Target Support Files/Pods-careMatePatient/Pods-careMatePatient-frameworks.sh\"\n";
			showEnvVarsInLog = 0;
		};
		5368300BD60CAD41D6F9DC58 /* [CP] Embed Pods Frameworks */ = {
			isa = PBXShellScriptBuildPhase;
			buildActionMask = 2147483647;
			files = (
			);
			inputFileListPaths = (
				"${PODS_ROOT}/Target Support Files/Pods-careMatePatient-careMatePatientUITests/Pods-careMatePatient-careMatePatientUITests-frameworks-${CONFIGURATION}-input-files.xcfilelist",
			);
			name = "[CP] Embed Pods Frameworks";
			outputFileListPaths = (
				"${PODS_ROOT}/Target Support Files/Pods-careMatePatient-careMatePatientUITests/Pods-careMatePatient-careMatePatientUITests-frameworks-${CONFIGURATION}-output-files.xcfilelist",
			);
			runOnlyForDeploymentPostprocessing = 0;
			shellPath = /bin/sh;
			shellScript = "\"${PODS_ROOT}/Target Support Files/Pods-careMatePatient-careMatePatientUITests/Pods-careMatePatient-careMatePatientUITests-frameworks.sh\"\n";
			showEnvVarsInLog = 0;
		};
		705B1E71444CA8B5CFA914A7 /* [CP] Check Pods Manifest.lock */ = {
			isa = PBXShellScriptBuildPhase;
			buildActionMask = 2147483647;
			files = (
			);
			inputFileListPaths = (
			);
			inputPaths = (
				"${PODS_PODFILE_DIR_PATH}/Podfile.lock",
				"${PODS_ROOT}/Manifest.lock",
			);
			name = "[CP] Check Pods Manifest.lock";
			outputFileListPaths = (
			);
			outputPaths = (
				"$(DERIVED_FILE_DIR)/Pods-careMatePatient-checkManifestLockResult.txt",
			);
			runOnlyForDeploymentPostprocessing = 0;
			shellPath = /bin/sh;
			shellScript = "diff \"${PODS_PODFILE_DIR_PATH}/Podfile.lock\" \"${PODS_ROOT}/Manifest.lock\" > /dev/null\nif [ $? != 0 ] ; then\n    # print error to STDERR\n    echo \"error: The sandbox is not in sync with the Podfile.lock. Run 'pod install' or update your CocoaPods installation.\" >&2\n    exit 1\nfi\n# This output is used by Xcode 'outputs' to avoid re-running this script phase.\necho \"SUCCESS\" > \"${SCRIPT_OUTPUT_FILE_0}\"\n";
			showEnvVarsInLog = 0;
		};
		D2DEA5AD5135B05585D09CAE /* [CP] Check Pods Manifest.lock */ = {
			isa = PBXShellScriptBuildPhase;
			buildActionMask = 2147483647;
			files = (
			);
			inputFileListPaths = (
			);
			inputPaths = (
				"${PODS_PODFILE_DIR_PATH}/Podfile.lock",
				"${PODS_ROOT}/Manifest.lock",
			);
			name = "[CP] Check Pods Manifest.lock";
			outputFileListPaths = (
			);
			outputPaths = (
				"$(DERIVED_FILE_DIR)/Pods-careMatePatient-careMatePatientUITests-checkManifestLockResult.txt",
			);
			runOnlyForDeploymentPostprocessing = 0;
			shellPath = /bin/sh;
			shellScript = "diff \"${PODS_PODFILE_DIR_PATH}/Podfile.lock\" \"${PODS_ROOT}/Manifest.lock\" > /dev/null\nif [ $? != 0 ] ; then\n    # print error to STDERR\n    echo \"error: The sandbox is not in sync with the Podfile.lock. Run 'pod install' or update your CocoaPods installation.\" >&2\n    exit 1\nfi\n# This output is used by Xcode 'outputs' to avoid re-running this script phase.\necho \"SUCCESS\" > \"${SCRIPT_OUTPUT_FILE_0}\"\n";
			showEnvVarsInLog = 0;
		};
		ECC560A2C1EE2554530AB691 /* [CP] Check Pods Manifest.lock */ = {
			isa = PBXShellScriptBuildPhase;
			buildActionMask = 2147483647;
			files = (
			);
			inputFileListPaths = (
			);
			inputPaths = (
				"${PODS_PODFILE_DIR_PATH}/Podfile.lock",
				"${PODS_ROOT}/Manifest.lock",
			);
			name = "[CP] Check Pods Manifest.lock";
			outputFileListPaths = (
			);
			outputPaths = (
				"$(DERIVED_FILE_DIR)/Pods-careMatePatientTests-checkManifestLockResult.txt",
			);
			runOnlyForDeploymentPostprocessing = 0;
			shellPath = /bin/sh;
			shellScript = "diff \"${PODS_PODFILE_DIR_PATH}/Podfile.lock\" \"${PODS_ROOT}/Manifest.lock\" > /dev/null\nif [ $? != 0 ] ; then\n    # print error to STDERR\n    echo \"error: The sandbox is not in sync with the Podfile.lock. Run 'pod install' or update your CocoaPods installation.\" >&2\n    exit 1\nfi\n# This output is used by Xcode 'outputs' to avoid re-running this script phase.\necho \"SUCCESS\" > \"${SCRIPT_OUTPUT_FILE_0}\"\n";
			showEnvVarsInLog = 0;
		};
/* End PBXShellScriptBuildPhase section */

/* Begin PBXSourcesBuildPhase section */
		6672C88E2434925800DD9448 /* Sources */ = {
			isa = PBXSourcesBuildPhase;
			buildActionMask = 2147483647;
			files = (
				663CCCEE243C80C90001EC92 /* ConfirmBookingFirstVcseconde.swift in Sources */,
				66C45510244B296100863C55 /* Login.swift in Sources */,
				66F1E907245471E90006F8A3 /* OtherPersonConfirmCell.swift in Sources */,
				667EF8BD2436A86600998DA0 /* complainsSearchDoctorVC.swift in Sources */,
				66C45512244B37BF00863C55 /* validation.swift in Sources */,
				66B8AED8243A07FB0079EF88 /* governmentListVC.swift in Sources */,
				66F1E90924547E9D0006F8A3 /* otherPersonsModel.swift in Sources */,
				66B8AEDC243A27E50079EF88 /* doctorSpecialityVC.swift in Sources */,
				663CCCF0243C81000001EC92 /* ComfirmBookingFirstVCthird.swift in Sources */,
				66C45503244B22E800863C55 /* Constants.swift in Sources */,
				663CCCEC243C80A80001EC92 /* ConfirmBookingFirstVcFirst.swift in Sources */,
				6630066B244DBCC000C0868A /* doctorSpecialityModel.swift in Sources */,
				66C45509244B269000863C55 /* indicator.swift in Sources */,
				663CCCF2243C91E10001EC92 /* doctorIfnoCell.swift in Sources */,
				66B8AEDA243A12040079EF88 /* citiesOfGovernment.swift in Sources */,
				663CCCF4243CBB490001EC92 /* ConfirmBookingSecondVC.swift in Sources */,
				66DD2DE0243E6840006C4A8B /* ConfirmBookingThirdVC.swift in Sources */,
				66C454FE244B220300863C55 /* WebserviceMananger.swift in Sources */,
				66211E9A243B4832009A16CC /* listOfSearchDoctorsVC.swift in Sources */,
				6637AF302455CD6B004420D6 /* ConfirmBookingThirdPopVC.swift in Sources */,
				66F5FAFE244F00EE008DE86C /* HomeVC.swift in Sources */,
				668C1F4624390B4400F92F29 /* selectedComplainsCell.swift in Sources */,
				66E85691244CA27000B9B493 /* governmentsModel.swift in Sources */,
				66211E9E243B90DC009A16CC /* confirmBookingFirstVC.swift in Sources */,
				66211E9C243B5292009A16CC /* searchDoctorsListCell.swift in Sources */,
				66B8AEE0243A2C660079EF88 /* DoctorListVC.swift in Sources */,
				66B8AED6243A02F70079EF88 /* compliansCell.swift in Sources */,
				66C45507244B24C800863C55 /* Reachability.swift in Sources */,
				6672C8C82434A45200DD9448 /* ViewController3.swift in Sources */,
				66F30063244B987600C855D7 /* firstViewController.swift in Sources */,
				66C454F8244B16B700863C55 /* Apis.swift in Sources */,
				6672C8CA2434E6D800DD9448 /* ViewController4.swift in Sources */,
				66F30061244B89F600C855D7 /* UserDefaultsApi.swift in Sources */,
				66B1F414245052D900F9E845 /* DoctorsListModel.swift in Sources */,
				6672C8C42434A43700DD9448 /* ViewController1.swift in Sources */,
				6672C8CD243503D200DD9448 /* extensions.swift in Sources */,
				66C45501244B228600863C55 /* UserModel.swift in Sources */,
				6672C8C62434A44400DD9448 /* ViewController2.swift in Sources */,
				66C4550B244B26F700863C55 /* DimUtility.swift in Sources */,
				66F30065244BA87700C855D7 /* Utilities.swift in Sources */,
				66171DF5245306F20076A961 /* AvailableDoctorSlots.swift in Sources */,
				6672C8982434925800DD9448 /* ViewController.swift in Sources */,
				6672C8962434925800DD9448 /* AppDelegate.swift in Sources */,
				66C454FB244B20F300863C55 /* userDTO.swift in Sources */,
				66B8AEDE243A2C500079EF88 /* SpecialityListVC.swift in Sources */,
				66C45505244B233500863C55 /* Languages.swift in Sources */,
			);
			runOnlyForDeploymentPostprocessing = 0;
		};
		6672C8A22434925900DD9448 /* Sources */ = {
			isa = PBXSourcesBuildPhase;
			buildActionMask = 2147483647;
			files = (
				6672C8AB2434925900DD9448 /* careMatePatientTests.swift in Sources */,
			);
			runOnlyForDeploymentPostprocessing = 0;
		};
		6672C8AD2434925900DD9448 /* Sources */ = {
			isa = PBXSourcesBuildPhase;
			buildActionMask = 2147483647;
			files = (
				6672C8B62434925900DD9448 /* careMatePatientUITests.swift in Sources */,
			);
			runOnlyForDeploymentPostprocessing = 0;
		};
/* End PBXSourcesBuildPhase section */

/* Begin PBXTargetDependency section */
		6672C8A82434925900DD9448 /* PBXTargetDependency */ = {
			isa = PBXTargetDependency;
			target = 6672C8912434925800DD9448 /* careMatePatient */;
			targetProxy = 6672C8A72434925900DD9448 /* PBXContainerItemProxy */;
		};
		6672C8B32434925900DD9448 /* PBXTargetDependency */ = {
			isa = PBXTargetDependency;
			target = 6672C8912434925800DD9448 /* careMatePatient */;
			targetProxy = 6672C8B22434925900DD9448 /* PBXContainerItemProxy */;
		};
/* End PBXTargetDependency section */

/* Begin PBXVariantGroup section */
		6672C8992434925800DD9448 /* Main.storyboard */ = {
			isa = PBXVariantGroup;
			children = (
				6672C89A2434925800DD9448 /* Base */,
				668C1F402438B03900F92F29 /* ar */,
			);
			name = Main.storyboard;
			sourceTree = "<group>";
		};
		6672C89E2434925900DD9448 /* LaunchScreen.storyboard */ = {
			isa = PBXVariantGroup;
			children = (
				6672C89F2434925900DD9448 /* Base */,
				668C1F412438B03900F92F29 /* ar */,
			);
			name = LaunchScreen.storyboard;
			sourceTree = "<group>";
		};
/* End PBXVariantGroup section */

/* Begin XCBuildConfiguration section */
		6672C8B82434925900DD9448 /* Debug */ = {
			isa = XCBuildConfiguration;
			buildSettings = {
				ALWAYS_SEARCH_USER_PATHS = NO;
				CLANG_ANALYZER_LOCALIZABILITY_NONLOCALIZED = YES;
				CLANG_ANALYZER_NONNULL = YES;
				CLANG_ANALYZER_NUMBER_OBJECT_CONVERSION = YES_AGGRESSIVE;
				CLANG_CXX_LANGUAGE_STANDARD = "gnu++14";
				CLANG_CXX_LIBRARY = "libc++";
				CLANG_ENABLE_MODULES = YES;
				CLANG_ENABLE_OBJC_ARC = YES;
				CLANG_ENABLE_OBJC_WEAK = YES;
				CLANG_WARN_BLOCK_CAPTURE_AUTORELEASING = YES;
				CLANG_WARN_BOOL_CONVERSION = YES;
				CLANG_WARN_COMMA = YES;
				CLANG_WARN_CONSTANT_CONVERSION = YES;
				CLANG_WARN_DEPRECATED_OBJC_IMPLEMENTATIONS = YES;
				CLANG_WARN_DIRECT_OBJC_ISA_USAGE = YES_ERROR;
				CLANG_WARN_DOCUMENTATION_COMMENTS = YES;
				CLANG_WARN_EMPTY_BODY = YES;
				CLANG_WARN_ENUM_CONVERSION = YES;
				CLANG_WARN_INFINITE_RECURSION = YES;
				CLANG_WARN_INT_CONVERSION = YES;
				CLANG_WARN_NON_LITERAL_NULL_CONVERSION = YES;
				CLANG_WARN_OBJC_IMPLICIT_RETAIN_SELF = YES;
				CLANG_WARN_OBJC_LITERAL_CONVERSION = YES;
				CLANG_WARN_OBJC_ROOT_CLASS = YES_ERROR;
				CLANG_WARN_RANGE_LOOP_ANALYSIS = YES;
				CLANG_WARN_STRICT_PROTOTYPES = YES;
				CLANG_WARN_SUSPICIOUS_MOVE = YES;
				CLANG_WARN_UNGUARDED_AVAILABILITY = YES_AGGRESSIVE;
				CLANG_WARN_UNREACHABLE_CODE = YES;
				CLANG_WARN__DUPLICATE_METHOD_MATCH = YES;
				CODE_SIGN_IDENTITY = "iPhone Developer";
				COPY_PHASE_STRIP = NO;
				DEBUG_INFORMATION_FORMAT = dwarf;
				ENABLE_STRICT_OBJC_MSGSEND = YES;
				ENABLE_TESTABILITY = YES;
				GCC_C_LANGUAGE_STANDARD = gnu11;
				GCC_DYNAMIC_NO_PIC = NO;
				GCC_NO_COMMON_BLOCKS = YES;
				GCC_OPTIMIZATION_LEVEL = 0;
				GCC_PREPROCESSOR_DEFINITIONS = (
					"DEBUG=1",
					"$(inherited)",
				);
				GCC_WARN_64_TO_32_BIT_CONVERSION = YES;
				GCC_WARN_ABOUT_RETURN_TYPE = YES_ERROR;
				GCC_WARN_UNDECLARED_SELECTOR = YES;
				GCC_WARN_UNINITIALIZED_AUTOS = YES_AGGRESSIVE;
				GCC_WARN_UNUSED_FUNCTION = YES;
				GCC_WARN_UNUSED_VARIABLE = YES;
				IPHONEOS_DEPLOYMENT_TARGET = 11.1;
				MTL_ENABLE_DEBUG_INFO = INCLUDE_SOURCE;
				MTL_FAST_MATH = YES;
				ONLY_ACTIVE_ARCH = YES;
				SDKROOT = iphoneos;
				SWIFT_ACTIVE_COMPILATION_CONDITIONS = DEBUG;
				SWIFT_OPTIMIZATION_LEVEL = "-Onone";
			};
			name = Debug;
		};
		6672C8B92434925900DD9448 /* Release */ = {
			isa = XCBuildConfiguration;
			buildSettings = {
				ALWAYS_SEARCH_USER_PATHS = NO;
				CLANG_ANALYZER_LOCALIZABILITY_NONLOCALIZED = YES;
				CLANG_ANALYZER_NONNULL = YES;
				CLANG_ANALYZER_NUMBER_OBJECT_CONVERSION = YES_AGGRESSIVE;
				CLANG_CXX_LANGUAGE_STANDARD = "gnu++14";
				CLANG_CXX_LIBRARY = "libc++";
				CLANG_ENABLE_MODULES = YES;
				CLANG_ENABLE_OBJC_ARC = YES;
				CLANG_ENABLE_OBJC_WEAK = YES;
				CLANG_WARN_BLOCK_CAPTURE_AUTORELEASING = YES;
				CLANG_WARN_BOOL_CONVERSION = YES;
				CLANG_WARN_COMMA = YES;
				CLANG_WARN_CONSTANT_CONVERSION = YES;
				CLANG_WARN_DEPRECATED_OBJC_IMPLEMENTATIONS = YES;
				CLANG_WARN_DIRECT_OBJC_ISA_USAGE = YES_ERROR;
				CLANG_WARN_DOCUMENTATION_COMMENTS = YES;
				CLANG_WARN_EMPTY_BODY = YES;
				CLANG_WARN_ENUM_CONVERSION = YES;
				CLANG_WARN_INFINITE_RECURSION = YES;
				CLANG_WARN_INT_CONVERSION = YES;
				CLANG_WARN_NON_LITERAL_NULL_CONVERSION = YES;
				CLANG_WARN_OBJC_IMPLICIT_RETAIN_SELF = YES;
				CLANG_WARN_OBJC_LITERAL_CONVERSION = YES;
				CLANG_WARN_OBJC_ROOT_CLASS = YES_ERROR;
				CLANG_WARN_RANGE_LOOP_ANALYSIS = YES;
				CLANG_WARN_STRICT_PROTOTYPES = YES;
				CLANG_WARN_SUSPICIOUS_MOVE = YES;
				CLANG_WARN_UNGUARDED_AVAILABILITY = YES_AGGRESSIVE;
				CLANG_WARN_UNREACHABLE_CODE = YES;
				CLANG_WARN__DUPLICATE_METHOD_MATCH = YES;
				CODE_SIGN_IDENTITY = "iPhone Developer";
				COPY_PHASE_STRIP = NO;
				DEBUG_INFORMATION_FORMAT = "dwarf-with-dsym";
				ENABLE_NS_ASSERTIONS = NO;
				ENABLE_STRICT_OBJC_MSGSEND = YES;
				GCC_C_LANGUAGE_STANDARD = gnu11;
				GCC_NO_COMMON_BLOCKS = YES;
				GCC_WARN_64_TO_32_BIT_CONVERSION = YES;
				GCC_WARN_ABOUT_RETURN_TYPE = YES_ERROR;
				GCC_WARN_UNDECLARED_SELECTOR = YES;
				GCC_WARN_UNINITIALIZED_AUTOS = YES_AGGRESSIVE;
				GCC_WARN_UNUSED_FUNCTION = YES;
				GCC_WARN_UNUSED_VARIABLE = YES;
				IPHONEOS_DEPLOYMENT_TARGET = 11.1;
				MTL_ENABLE_DEBUG_INFO = NO;
				MTL_FAST_MATH = YES;
				SDKROOT = iphoneos;
				SWIFT_COMPILATION_MODE = wholemodule;
				SWIFT_OPTIMIZATION_LEVEL = "-O";
				VALIDATE_PRODUCT = YES;
			};
			name = Release;
		};
		6672C8BB2434925900DD9448 /* Debug */ = {
			isa = XCBuildConfiguration;
			baseConfigurationReference = 983EF898D19FCE20719DEA6D /* Pods-careMatePatient.debug.xcconfig */;
			buildSettings = {
				ASSETCATALOG_COMPILER_APPICON_NAME = AppIcon;
				CODE_SIGN_STYLE = Automatic;
				DEVELOPMENT_TEAM = QP2833R74F;
				INFOPLIST_FILE = careMatePatient/Info.plist;
				IPHONEOS_DEPLOYMENT_TARGET = 11.1;
				LD_RUNPATH_SEARCH_PATHS = (
					"$(inherited)",
					"@executable_path/Frameworks",
				);
				PRODUCT_BUNDLE_IDENTIFIER = com.test.proooooo.careMatePatient;
				PRODUCT_NAME = "$(TARGET_NAME)";
				SWIFT_VERSION = 4.2;
				TARGETED_DEVICE_FAMILY = "1,2";
			};
			name = Debug;
		};
		6672C8BC2434925900DD9448 /* Release */ = {
			isa = XCBuildConfiguration;
			baseConfigurationReference = C7D65CA215420F7764A22685 /* Pods-careMatePatient.release.xcconfig */;
			buildSettings = {
				ASSETCATALOG_COMPILER_APPICON_NAME = AppIcon;
				CODE_SIGN_STYLE = Automatic;
				DEVELOPMENT_TEAM = QP2833R74F;
				INFOPLIST_FILE = careMatePatient/Info.plist;
				IPHONEOS_DEPLOYMENT_TARGET = 11.1;
				LD_RUNPATH_SEARCH_PATHS = (
					"$(inherited)",
					"@executable_path/Frameworks",
				);
				PRODUCT_BUNDLE_IDENTIFIER = com.test.proooooo.careMatePatient;
				PRODUCT_NAME = "$(TARGET_NAME)";
				SWIFT_VERSION = 4.2;
				TARGETED_DEVICE_FAMILY = "1,2";
			};
			name = Release;
		};
		6672C8BE2434925900DD9448 /* Debug */ = {
			isa = XCBuildConfiguration;
			baseConfigurationReference = 5C3E6FE5BB2D590D9A22D10C /* Pods-careMatePatientTests.debug.xcconfig */;
			buildSettings = {
				ALWAYS_EMBED_SWIFT_STANDARD_LIBRARIES = YES;
				BUNDLE_LOADER = "$(TEST_HOST)";
				CODE_SIGN_STYLE = Automatic;
				INFOPLIST_FILE = careMatePatientTests/Info.plist;
				LD_RUNPATH_SEARCH_PATHS = (
					"$(inherited)",
					"@executable_path/Frameworks",
					"@loader_path/Frameworks",
				);
				PRODUCT_BUNDLE_IDENTIFIER = com.test.proooooo.careMatePatientTests;
				PRODUCT_NAME = "$(TARGET_NAME)";
				SWIFT_VERSION = 4.2;
				TARGETED_DEVICE_FAMILY = "1,2";
				TEST_HOST = "$(BUILT_PRODUCTS_DIR)/careMatePatient.app/careMatePatient";
			};
			name = Debug;
		};
		6672C8BF2434925900DD9448 /* Release */ = {
			isa = XCBuildConfiguration;
			baseConfigurationReference = EF7372C0A8EE1A65393ED595 /* Pods-careMatePatientTests.release.xcconfig */;
			buildSettings = {
				ALWAYS_EMBED_SWIFT_STANDARD_LIBRARIES = YES;
				BUNDLE_LOADER = "$(TEST_HOST)";
				CODE_SIGN_STYLE = Automatic;
				INFOPLIST_FILE = careMatePatientTests/Info.plist;
				LD_RUNPATH_SEARCH_PATHS = (
					"$(inherited)",
					"@executable_path/Frameworks",
					"@loader_path/Frameworks",
				);
				PRODUCT_BUNDLE_IDENTIFIER = com.test.proooooo.careMatePatientTests;
				PRODUCT_NAME = "$(TARGET_NAME)";
				SWIFT_VERSION = 4.2;
				TARGETED_DEVICE_FAMILY = "1,2";
				TEST_HOST = "$(BUILT_PRODUCTS_DIR)/careMatePatient.app/careMatePatient";
			};
			name = Release;
		};
		6672C8C12434925900DD9448 /* Debug */ = {
			isa = XCBuildConfiguration;
			baseConfigurationReference = 35D720518D9062319AEFBBB7 /* Pods-careMatePatient-careMatePatientUITests.debug.xcconfig */;
			buildSettings = {
				ALWAYS_EMBED_SWIFT_STANDARD_LIBRARIES = YES;
				CODE_SIGN_STYLE = Automatic;
				INFOPLIST_FILE = careMatePatientUITests/Info.plist;
				LD_RUNPATH_SEARCH_PATHS = (
					"$(inherited)",
					"@executable_path/Frameworks",
					"@loader_path/Frameworks",
				);
				PRODUCT_BUNDLE_IDENTIFIER = com.test.proooooo.careMatePatientUITests;
				PRODUCT_NAME = "$(TARGET_NAME)";
				SWIFT_VERSION = 4.2;
				TARGETED_DEVICE_FAMILY = "1,2";
				TEST_TARGET_NAME = careMatePatient;
			};
			name = Debug;
		};
		6672C8C22434925900DD9448 /* Release */ = {
			isa = XCBuildConfiguration;
			baseConfigurationReference = 77EF007DDF1000F023F91F1B /* Pods-careMatePatient-careMatePatientUITests.release.xcconfig */;
			buildSettings = {
				ALWAYS_EMBED_SWIFT_STANDARD_LIBRARIES = YES;
				CODE_SIGN_STYLE = Automatic;
				INFOPLIST_FILE = careMatePatientUITests/Info.plist;
				LD_RUNPATH_SEARCH_PATHS = (
					"$(inherited)",
					"@executable_path/Frameworks",
					"@loader_path/Frameworks",
				);
				PRODUCT_BUNDLE_IDENTIFIER = com.test.proooooo.careMatePatientUITests;
				PRODUCT_NAME = "$(TARGET_NAME)";
				SWIFT_VERSION = 4.2;
				TARGETED_DEVICE_FAMILY = "1,2";
				TEST_TARGET_NAME = careMatePatient;
			};
			name = Release;
		};
/* End XCBuildConfiguration section */

/* Begin XCConfigurationList section */
		6672C88D2434925800DD9448 /* Build configuration list for PBXProject "careMatePatient" */ = {
			isa = XCConfigurationList;
			buildConfigurations = (
				6672C8B82434925900DD9448 /* Debug */,
				6672C8B92434925900DD9448 /* Release */,
			);
			defaultConfigurationIsVisible = 0;
			defaultConfigurationName = Release;
		};
		6672C8BA2434925900DD9448 /* Build configuration list for PBXNativeTarget "careMatePatient" */ = {
			isa = XCConfigurationList;
			buildConfigurations = (
				6672C8BB2434925900DD9448 /* Debug */,
				6672C8BC2434925900DD9448 /* Release */,
			);
			defaultConfigurationIsVisible = 0;
			defaultConfigurationName = Release;
		};
		6672C8BD2434925900DD9448 /* Build configuration list for PBXNativeTarget "careMatePatientTests" */ = {
			isa = XCConfigurationList;
			buildConfigurations = (
				6672C8BE2434925900DD9448 /* Debug */,
				6672C8BF2434925900DD9448 /* Release */,
			);
			defaultConfigurationIsVisible = 0;
			defaultConfigurationName = Release;
		};
		6672C8C02434925900DD9448 /* Build configuration list for PBXNativeTarget "careMatePatientUITests" */ = {
			isa = XCConfigurationList;
			buildConfigurations = (
				6672C8C12434925900DD9448 /* Debug */,
				6672C8C22434925900DD9448 /* Release */,
			);
			defaultConfigurationIsVisible = 0;
			defaultConfigurationName = Release;
		};
/* End XCConfigurationList section */
	};
	rootObject = 6672C88A2434925800DD9448 /* Project object */;
}
